// !$*UTF8*$!
{
	archiveVersion = 1;
	classes = {
	};
	objectVersion = 56;
	objects = {

/* Begin PBXBuildFile section */
		3FE6EAED2B959F7400BCC6BD /* AppDelegate.swift in Sources */ = {isa = PBXBuildFile; fileRef = 3FE6EAEC2B959F7400BCC6BD /* AppDelegate.swift */; };
		3FE6EAEF2B959F7400BCC6BD /* SceneDelegate.swift in Sources */ = {isa = PBXBuildFile; fileRef = 3FE6EAEE2B959F7400BCC6BD /* SceneDelegate.swift */; };
		3FE6EAF12B959F7400BCC6BD /* ViewController.swift in Sources */ = {isa = PBXBuildFile; fileRef = 3FE6EAF02B959F7400BCC6BD /* ViewController.swift */; };
		3FE6EAF42B959F7400BCC6BD /* Main.storyboard in Resources */ = {isa = PBXBuildFile; fileRef = 3FE6EAF22B959F7400BCC6BD /* Main.storyboard */; };
		3FE6EAF62B959F7500BCC6BD /* Assets.xcassets in Resources */ = {isa = PBXBuildFile; fileRef = 3FE6EAF52B959F7500BCC6BD /* Assets.xcassets */; };
		3FE6EAF92B959F7500BCC6BD /* LaunchScreen.storyboard in Resources */ = {isa = PBXBuildFile; fileRef = 3FE6EAF72B959F7500BCC6BD /* LaunchScreen.storyboard */; };
/* End PBXBuildFile section */

/* Begin PBXContainerItemProxy section */
		3FE6EB002B959F7500BCC6BD /* PBXContainerItemProxy */ = {
			isa = PBXContainerItemProxy;
			containerPortal = 3FE6EAE12B959F7400BCC6BD /* Project object */;
			proxyType = 1;
			remoteGlobalIDString = 3FE6EAE82B959F7400BCC6BD;
			remoteInfo = AboutMe_TabBarController;
		};
		3FE6EB0A2B959F7500BCC6BD /* PBXContainerItemProxy */ = {
			isa = PBXContainerItemProxy;
			containerPortal = 3FE6EAE12B959F7400BCC6BD /* Project object */;
			proxyType = 1;
			remoteGlobalIDString = 3FE6EAE82B959F7400BCC6BD;
			remoteInfo = AboutMe_TabBarController;
		};
/* End PBXContainerItemProxy section */

/* Begin PBXFileReference section */
		3FE6EAE92B959F7400BCC6BD /* AboutMe_TabBarController.app */ = {isa = PBXFileReference; explicitFileType = wrapper.application; includeInIndex = 0; path = AboutMe_TabBarController.app; sourceTree = BUILT_PRODUCTS_DIR; };
		3FE6EAEC2B959F7400BCC6BD /* AppDelegate.swift */ = {isa = PBXFileReference; lastKnownFileType = sourcecode.swift; path = AppDelegate.swift; sourceTree = "<group>"; };
		3FE6EAEE2B959F7400BCC6BD /* SceneDelegate.swift */ = {isa = PBXFileReference; lastKnownFileType = sourcecode.swift; path = SceneDelegate.swift; sourceTree = "<group>"; };
		3FE6EAF02B959F7400BCC6BD /* ViewController.swift */ = {isa = PBXFileReference; lastKnownFileType = sourcecode.swift; path = ViewController.swift; sourceTree = "<group>"; };
		3FE6EAF32B959F7400BCC6BD /* Base */ = {isa = PBXFileReference; lastKnownFileType = file.storyboard; name = Base; path = Base.lproj/Main.storyboard; sourceTree = "<group>"; };
		3FE6EAF52B959F7500BCC6BD /* Assets.xcassets */ = {isa = PBXFileReference; lastKnownFileType = folder.assetcatalog; path = Assets.xcassets; sourceTree = "<group>"; };
		3FE6EAF82B959F7500BCC6BD /* Base */ = {isa = PBXFileReference; lastKnownFileType = file.storyboard; name = Base; path = Base.lproj/LaunchScreen.storyboard; sourceTree = "<group>"; };
		3FE6EAFA2B959F7500BCC6BD /* Info.plist */ = {isa = PBXFileReference; lastKnownFileType = text.plist.xml; path = Info.plist; sourceTree = "<group>"; };
		3FE6EAFF2B959F7500BCC6BD /* AboutMe_TabBarControllerTests.xctest */ = {isa = PBXFileReference; explicitFileType = wrapper.cfbundle; includeInIndex = 0; path = AboutMe_TabBarControllerTests.xctest; sourceTree = BUILT_PRODUCTS_DIR; };
		3FE6EB092B959F7500BCC6BD /* AboutMe_TabBarControllerUITests.xctest */ = {isa = PBXFileReference; explicitFileType = wrapper.cfbundle; includeInIndex = 0; path = AboutMe_TabBarControllerUITests.xctest; sourceTree = BUILT_PRODUCTS_DIR; };
/* End PBXFileReference section */

/* Begin PBXFrameworksBuildPhase section */
		3FE6EAE62B959F7400BCC6BD /* Frameworks */ = {
			isa = PBXFrameworksBuildPhase;
			buildActionMask = 2147483647;
			files = (
			);
			runOnlyForDeploymentPostprocessing = 0;
		};
		3FE6EAFC2B959F7500BCC6BD /* Frameworks */ = {
			isa = PBXFrameworksBuildPhase;
			buildActionMask = 2147483647;
			files = (
			);
			runOnlyForDeploymentPostprocessing = 0;
		};
		3FE6EB062B959F7500BCC6BD /* Frameworks */ = {
			isa = PBXFrameworksBuildPhase;
			buildActionMask = 2147483647;
			files = (
			);
			runOnlyForDeploymentPostprocessing = 0;
		};
/* End PBXFrameworksBuildPhase section */

/* Begin PBXGroup section */
		3FE6EAE02B959F7400BCC6BD = {
			isa = PBXGroup;
			children = (
				3FE6EAEB2B959F7400BCC6BD /* AboutMe_TabBarController */,
				3FE6EAEA2B959F7400BCC6BD /* Products */,
			);
			sourceTree = "<group>";
		};
		3FE6EAEA2B959F7400BCC6BD /* Products */ = {
			isa = PBXGroup;
			children = (
				3FE6EAE92B959F7400BCC6BD /* AboutMe_TabBarController.app */,
				3FE6EAFF2B959F7500BCC6BD /* AboutMe_TabBarControllerTests.xctest */,
				3FE6EB092B959F7500BCC6BD /* AboutMe_TabBarControllerUITests.xctest */,
			);
			name = Products;
			sourceTree = "<group>";
		};
		3FE6EAEB2B959F7400BCC6BD /* AboutMe_TabBarController */ = {
			isa = PBXGroup;
			children = (
				3FE6EAEC2B959F7400BCC6BD /* AppDelegate.swift */,
				3FE6EAEE2B959F7400BCC6BD /* SceneDelegate.swift */,
				3FE6EAF02B959F7400BCC6BD /* ViewController.swift */,
				3FE6EAF22B959F7400BCC6BD /* Main.storyboard */,
				3FE6EAF52B959F7500BCC6BD /* Assets.xcassets */,
				3FE6EAF72B959F7500BCC6BD /* LaunchScreen.storyboard */,
				3FE6EAFA2B959F7500BCC6BD /* Info.plist */,
			);
			path = AboutMe_TabBarController;
			sourceTree = "<group>";
		};
/* End PBXGroup section */

/* Begin PBXNativeTarget section */
		3FE6EAE82B959F7400BCC6BD /* AboutMe_TabBarController */ = {
			isa = PBXNativeTarget;
			buildConfigurationList = 3FE6EB132B959F7500BCC6BD /* Build configuration list for PBXNativeTarget "AboutMe_TabBarController" */;
			buildPhases = (
				3FE6EAE52B959F7400BCC6BD /* Sources */,
				3FE6EAE62B959F7400BCC6BD /* Frameworks */,
				3FE6EAE72B959F7400BCC6BD /* Resources */,
			);
			buildRules = (
			);
			dependencies = (
			);
			name = AboutMe_TabBarController;
			productName = AboutMe_TabBarController;
			productReference = 3FE6EAE92B959F7400BCC6BD /* AboutMe_TabBarController.app */;
			productType = "com.apple.product-type.application";
		};
		3FE6EAFE2B959F7500BCC6BD /* AboutMe_TabBarControllerTests */ = {
			isa = PBXNativeTarget;
			buildConfigurationList = 3FE6EB162B959F7500BCC6BD /* Build configuration list for PBXNativeTarget "AboutMe_TabBarControllerTests" */;
			buildPhases = (
				3FE6EAFB2B959F7500BCC6BD /* Sources */,
				3FE6EAFC2B959F7500BCC6BD /* Frameworks */,
				3FE6EAFD2B959F7500BCC6BD /* Resources */,
			);
			buildRules = (
			);
			dependencies = (
				3FE6EB012B959F7500BCC6BD /* PBXTargetDependency */,
			);
			name = AboutMe_TabBarControllerTests;
			productName = AboutMe_TabBarControllerTests;
			productReference = 3FE6EAFF2B959F7500BCC6BD /* AboutMe_TabBarControllerTests.xctest */;
			productType = "com.apple.product-type.bundle.unit-test";
		};
		3FE6EB082B959F7500BCC6BD /* AboutMe_TabBarControllerUITests */ = {
			isa = PBXNativeTarget;
			buildConfigurationList = 3FE6EB192B959F7500BCC6BD /* Build configuration list for PBXNativeTarget "AboutMe_TabBarControllerUITests" */;
			buildPhases = (
				3FE6EB052B959F7500BCC6BD /* Sources */,
				3FE6EB062B959F7500BCC6BD /* Frameworks */,
				3FE6EB072B959F7500BCC6BD /* Resources */,
			);
			buildRules = (
			);
			dependencies = (
				3FE6EB0B2B959F7500BCC6BD /* PBXTargetDependency */,
			);
			name = AboutMe_TabBarControllerUITests;
			productName = AboutMe_TabBarControllerUITests;
			productReference = 3FE6EB092B959F7500BCC6BD /* AboutMe_TabBarControllerUITests.xctest */;
			productType = "com.apple.product-type.bundle.ui-testing";
		};
/* End PBXNativeTarget section */

/* Begin PBXProject section */
		3FE6EAE12B959F7400BCC6BD /* Project object */ = {
			isa = PBXProject;
			attributes = {
				BuildIndependentTargetsInParallel = 1;
				LastSwiftUpdateCheck = 1520;
				LastUpgradeCheck = 1520;
				TargetAttributes = {
					3FE6EAE82B959F7400BCC6BD = {
						CreatedOnToolsVersion = 15.2;
					};
					3FE6EAFE2B959F7500BCC6BD = {
						CreatedOnToolsVersion = 15.2;
						TestTargetID = 3FE6EAE82B959F7400BCC6BD;
					};
					3FE6EB082B959F7500BCC6BD = {
						CreatedOnToolsVersion = 15.2;
						TestTargetID = 3FE6EAE82B959F7400BCC6BD;
					};
				};
			};
			buildConfigurationList = 3FE6EAE42B959F7400BCC6BD /* Build configuration list for PBXProject "AboutMe_TabBarController" */;
			compatibilityVersion = "Xcode 14.0";
			developmentRegion = en;
			hasScannedForEncodings = 0;
			knownRegions = (
				en,
				Base,
			);
			mainGroup = 3FE6EAE02B959F7400BCC6BD;
			productRefGroup = 3FE6EAEA2B959F7400BCC6BD /* Products */;
			projectDirPath = "";
			projectRoot = "";
			targets = (
				3FE6EAE82B959F7400BCC6BD /* AboutMe_TabBarController */,
				3FE6EAFE2B959F7500BCC6BD /* AboutMe_TabBarControllerTests */,
				3FE6EB082B959F7500BCC6BD /* AboutMe_TabBarControllerUITests */,
			);
		};
/* End PBXProject section */

/* Begin PBXResourcesBuildPhase section */
		3FE6EAE72B959F7400BCC6BD /* Resources */ = {
			isa = PBXResourcesBuildPhase;
			buildActionMask = 2147483647;
			files = (
				3FE6EAF92B959F7500BCC6BD /* LaunchScreen.storyboard in Resources */,
				3FE6EAF62B959F7500BCC6BD /* Assets.xcassets in Resources */,
				3FE6EAF42B959F7400BCC6BD /* Main.storyboard in Resources */,
			);
			runOnlyForDeploymentPostprocessing = 0;
		};
		3FE6EAFD2B959F7500BCC6BD /* Resources */ = {
			isa = PBXResourcesBuildPhase;
			buildActionMask = 2147483647;
			files = (
			);
			runOnlyForDeploymentPostprocessing = 0;
		};
		3FE6EB072B959F7500BCC6BD /* Resources */ = {
			isa = PBXResourcesBuildPhase;
			buildActionMask = 2147483647;
			files = (
			);
			runOnlyForDeploymentPostprocessing = 0;
		};
/* End PBXResourcesBuildPhase section */

/* Begin PBXSourcesBuildPhase section */
		3FE6EAE52B959F7400BCC6BD /* Sources */ = {
			isa = PBXSourcesBuildPhase;
			buildActionMask = 2147483647;
			files = (
				3FE6EAF12B959F7400BCC6BD /* ViewController.swift in Sources */,
				3FE6EAED2B959F7400BCC6BD /* AppDelegate.swift in Sources */,
				3FE6EAEF2B959F7400BCC6BD /* SceneDelegate.swift in Sources */,
			);
			runOnlyForDeploymentPostprocessing = 0;
		};
		3FE6EAFB2B959F7500BCC6BD /* Sources */ = {
			isa = PBXSourcesBuildPhase;
			buildActionMask = 2147483647;
			files = (
			);
			runOnlyForDeploymentPostprocessing = 0;
		};
		3FE6EB052B959F7500BCC6BD /* Sources */ = {
			isa = PBXSourcesBuildPhase;
			buildActionMask = 2147483647;
			files = (
			);
			runOnlyForDeploymentPostprocessing = 0;
		};
/* End PBXSourcesBuildPhase section */

/* Begin PBXTargetDependency section */
		3FE6EB012B959F7500BCC6BD /* PBXTargetDependency */ = {
			isa = PBXTargetDependency;
			target = 3FE6EAE82B959F7400BCC6BD /* AboutMe_TabBarController */;
			targetProxy = 3FE6EB002B959F7500BCC6BD /* PBXContainerItemProxy */;
		};
		3FE6EB0B2B959F7500BCC6BD /* PBXTargetDependency */ = {
			isa = PBXTargetDependency;
			target = 3FE6EAE82B959F7400BCC6BD /* AboutMe_TabBarController */;
			targetProxy = 3FE6EB0A2B959F7500BCC6BD /* PBXContainerItemProxy */;
		};
/* End PBXTargetDependency section */

/* Begin PBXVariantGroup section */
		3FE6EAF22B959F7400BCC6BD /* Main.storyboard */ = {
			isa = PBXVariantGroup;
			children = (
				3FE6EAF32B959F7400BCC6BD /* Base */,
			);
			name = Main.storyboard;
			sourceTree = "<group>";
		};
		3FE6EAF72B959F7500BCC6BD /* LaunchScreen.storyboard */ = {
			isa = PBXVariantGroup;
			children = (
				3FE6EAF82B959F7500BCC6BD /* Base */,
			);
			name = LaunchScreen.storyboard;
			sourceTree = "<group>";
		};
/* End PBXVariantGroup section */

/* Begin XCBuildConfiguration section */
		3FE6EB112B959F7500BCC6BD /* Debug */ = {
			isa = XCBuildConfiguration;
			buildSettings = {
				ALWAYS_SEARCH_USER_PATHS = NO;
				ASSETCATALOG_COMPILER_GENERATE_SWIFT_ASSET_SYMBOL_EXTENSIONS = YES;
				CLANG_ANALYZER_NONNULL = YES;
				CLANG_ANALYZER_NUMBER_OBJECT_CONVERSION = YES_AGGRESSIVE;
				CLANG_CXX_LANGUAGE_STANDARD = "gnu++20";
				CLANG_ENABLE_MODULES = YES;
				CLANG_ENABLE_OBJC_ARC = YES;
				CLANG_ENABLE_OBJC_WEAK = YES;
				CLANG_WARN_BLOCK_CAPTURE_AUTORELEASING = YES;
				CLANG_WARN_BOOL_CONVERSION = YES;
				CLANG_WARN_COMMA = YES;
				CLANG_WARN_CONSTANT_CONVERSION = YES;
				CLANG_WARN_DEPRECATED_OBJC_IMPLEMENTATIONS = YES;
				CLANG_WARN_DIRECT_OBJC_ISA_USAGE = YES_ERROR;
				CLANG_WARN_DOCUMENTATION_COMMENTS = YES;
				CLANG_WARN_EMPTY_BODY = YES;
				CLANG_WARN_ENUM_CONVERSION = YES;
				CLANG_WARN_INFINITE_RECURSION = YES;
				CLANG_WARN_INT_CONVERSION = YES;
				CLANG_WARN_NON_LITERAL_NULL_CONVERSION = YES;
				CLANG_WARN_OBJC_IMPLICIT_RETAIN_SELF = YES;
				CLANG_WARN_OBJC_LITERAL_CONVERSION = YES;
				CLANG_WARN_OBJC_ROOT_CLASS = YES_ERROR;
				CLANG_WARN_QUOTED_INCLUDE_IN_FRAMEWORK_HEADER = YES;
				CLANG_WARN_RANGE_LOOP_ANALYSIS = YES;
				CLANG_WARN_STRICT_PROTOTYPES = YES;
				CLANG_WARN_SUSPICIOUS_MOVE = YES;
				CLANG_WARN_UNGUARDED_AVAILABILITY = YES_AGGRESSIVE;
				CLANG_WARN_UNREACHABLE_CODE = YES;
				CLANG_WARN__DUPLICATE_METHOD_MATCH = YES;
				COPY_PHASE_STRIP = NO;
				DEBUG_INFORMATION_FORMAT = dwarf;
				ENABLE_STRICT_OBJC_MSGSEND = YES;
				ENABLE_TESTABILITY = YES;
				ENABLE_USER_SCRIPT_SANDBOXING = YES;
				GCC_C_LANGUAGE_STANDARD = gnu17;
				GCC_DYNAMIC_NO_PIC = NO;
				GCC_NO_COMMON_BLOCKS = YES;
				GCC_OPTIMIZATION_LEVEL = 0;
				GCC_PREPROCESSOR_DEFINITIONS = (
					"DEBUG=1",
					"$(inherited)",
				);
				GCC_WARN_64_TO_32_BIT_CONVERSION = YES;
				GCC_WARN_ABOUT_RETURN_TYPE = YES_ERROR;
				GCC_WARN_UNDECLARED_SELECTOR = YES;
				GCC_WARN_UNINITIALIZED_AUTOS = YES_AGGRESSIVE;
				GCC_WARN_UNUSED_FUNCTION = YES;
				GCC_WARN_UNUSED_VARIABLE = YES;
				IPHONEOS_DEPLOYMENT_TARGET = 17.2;
				LOCALIZATION_PREFERS_STRING_CATALOGS = YES;
				MTL_ENABLE_DEBUG_INFO = INCLUDE_SOURCE;
				MTL_FAST_MATH = YES;
				ONLY_ACTIVE_ARCH = YES;
				SDKROOT = iphoneos;
				SWIFT_ACTIVE_COMPILATION_CONDITIONS = "DEBUG $(inherited)";
				SWIFT_OPTIMIZATION_LEVEL = "-Onone";
			};
			name = Debug;
		};
		3FE6EB122B959F7500BCC6BD /* Release */ = {
			isa = XCBuildConfiguration;
			buildSettings = {
				ALWAYS_SEARCH_USER_PATHS = NO;
				ASSETCATALOG_COMPILER_GENERATE_SWIFT_ASSET_SYMBOL_EXTENSIONS = YES;
				CLANG_ANALYZER_NONNULL = YES;
				CLANG_ANALYZER_NUMBER_OBJECT_CONVERSION = YES_AGGRESSIVE;
				CLANG_CXX_LANGUAGE_STANDARD = "gnu++20";
				CLANG_ENABLE_MODULES = YES;
				CLANG_ENABLE_OBJC_ARC = YES;
				CLANG_ENABLE_OBJC_WEAK = YES;
				CLANG_WARN_BLOCK_CAPTURE_AUTORELEASING = YES;
				CLANG_WARN_BOOL_CONVERSION = YES;
				CLANG_WARN_COMMA = YES;
				CLANG_WARN_CONSTANT_CONVERSION = YES;
				CLANG_WARN_DEPRECATED_OBJC_IMPLEMENTATIONS = YES;
				CLANG_WARN_DIRECT_OBJC_ISA_USAGE = YES_ERROR;
				CLANG_WARN_DOCUMENTATION_COMMENTS = YES;
				CLANG_WARN_EMPTY_BODY = YES;
				CLANG_WARN_ENUM_CONVERSION = YES;
				CLANG_WARN_INFINITE_RECURSION = YES;
				CLANG_WARN_INT_CONVERSION = YES;
				CLANG_WARN_NON_LITERAL_NULL_CONVERSION = YES;
				CLANG_WARN_OBJC_IMPLICIT_RETAIN_SELF = YES;
				CLANG_WARN_OBJC_LITERAL_CONVERSION = YES;
				CLANG_WARN_OBJC_ROOT_CLASS = YES_ERROR;
				CLANG_WARN_QUOTED_INCLUDE_IN_FRAMEWORK_HEADER = YES;
				CLANG_WARN_RANGE_LOOP_ANALYSIS = YES;
				CLANG_WARN_STRICT_PROTOTYPES = YES;
				CLANG_WARN_SUSPICIOUS_MOVE = YES;
				CLANG_WARN_UNGUARDED_AVAILABILITY = YES_AGGRESSIVE;
				CLANG_WARN_UNREACHABLE_CODE = YES;
				CLANG_WARN__DUPLICATE_METHOD_MATCH = YES;
				COPY_PHASE_STRIP = NO;
				DEBUG_INFORMATION_FORMAT = "dwarf-with-dsym";
				ENABLE_NS_ASSERTIONS = NO;
				ENABLE_STRICT_OBJC_MSGSEND = YES;
				ENABLE_USER_SCRIPT_SANDBOXING = YES;
				GCC_C_LANGUAGE_STANDARD = gnu17;
				GCC_NO_COMMON_BLOCKS = YES;
				GCC_WARN_64_TO_32_BIT_CONVERSION = YES;
				GCC_WARN_ABOUT_RETURN_TYPE = YES_ERROR;
				GCC_WARN_UNDECLARED_SELECTOR = YES;
				GCC_WARN_UNINITIALIZED_AUTOS = YES_AGGRESSIVE;
				GCC_WARN_UNUSED_FUNCTION = YES;
				GCC_WARN_UNUSED_VARIABLE = YES;
				IPHONEOS_DEPLOYMENT_TARGET = 17.2;
				LOCALIZATION_PREFERS_STRING_CATALOGS = YES;
				MTL_ENABLE_DEBUG_INFO = NO;
				MTL_FAST_MATH = YES;
				SDKROOT = iphoneos;
				SWIFT_COMPILATION_MODE = wholemodule;
				VALIDATE_PRODUCT = YES;
			};
			name = Release;
		};
		3FE6EB142B959F7500BCC6BD /* Debug */ = {
			isa = XCBuildConfiguration;
			buildSettings = {
				ASSETCATALOG_COMPILER_APPICON_NAME = AppIcon;
				ASSETCATALOG_COMPILER_GLOBAL_ACCENT_COLOR_NAME = AccentColor;
				CODE_SIGN_STYLE = Automatic;
				CURRENT_PROJECT_VERSION = 1;
				DEVELOPMENT_TEAM = 394AJ9GGWF;
				GENERATE_INFOPLIST_FILE = YES;
				INFOPLIST_FILE = AboutMe_TabBarController/Info.plist;
				INFOPLIST_KEY_UIApplicationSupportsIndirectInputEvents = YES;
				INFOPLIST_KEY_UILaunchStoryboardName = LaunchScreen;
				INFOPLIST_KEY_UIMainStoryboardFile = Main;
				INFOPLIST_KEY_UISupportedInterfaceOrientations_iPad = "UIInterfaceOrientationPortrait UIInterfaceOrientationPortraitUpsideDown UIInterfaceOrientationLandscapeLeft UIInterfaceOrientationLandscapeRight";
				INFOPLIST_KEY_UISupportedInterfaceOrientations_iPhone = "UIInterfaceOrientationPortrait UIInterfaceOrientationLandscapeLeft UIInterfaceOrientationLandscapeRight";
				LD_RUNPATH_SEARCH_PATHS = (
					"$(inherited)",
					"@executable_path/Frameworks",
				);
				MARKETING_VERSION = 1.0;
				PRODUCT_BUNDLE_IDENTIFIER = "exe.demo.AboutMe-TabBarController";
				PRODUCT_NAME = "$(TARGET_NAME)";
				SWIFT_EMIT_LOC_STRINGS = YES;
				SWIFT_VERSION = 5.0;
				TARGETED_DEVICE_FAMILY = "1,2";
			};
			name = Debug;
		};
		3FE6EB152B959F7500BCC6BD /* Release */ = {
			isa = XCBuildConfiguration;
			buildSettings = {
				ASSETCATALOG_COMPILER_APPICON_NAME = AppIcon;
				ASSETCATALOG_COMPILER_GLOBAL_ACCENT_COLOR_NAME = AccentColor;
				CODE_SIGN_STYLE = Automatic;
				CURRENT_PROJECT_VERSION = 1;
				DEVELOPMENT_TEAM = 394AJ9GGWF;
				GENERATE_INFOPLIST_FILE = YES;
				INFOPLIST_FILE = AboutMe_TabBarController/Info.plist;
				INFOPLIST_KEY_UIApplicationSupportsIndirectInputEvents = YES;
				INFOPLIST_KEY_UILaunchStoryboardName = LaunchScreen;
				INFOPLIST_KEY_UIMainStoryboardFile = Main;
				INFOPLIST_KEY_UISupportedInterfaceOrientations_iPad = "UIInterfaceOrientationPortrait UIInterfaceOrientationPortraitUpsideDown UIInterfaceOrientationLandscapeLeft UIInterfaceOrientationLandscapeRight";
				INFOPLIST_KEY_UISupportedInterfaceOrientations_iPhone = "UIInterfaceOrientationPortrait UIInterfaceOrientationLandscapeLeft UIInterfaceOrientationLandscapeRight";
				LD_RUNPATH_SEARCH_PATHS = (
					"$(inherited)",
					"@executable_path/Frameworks",
				);
				MARKETING_VERSION = 1.0;
				PRODUCT_BUNDLE_IDENTIFIER = "exe.demo.AboutMe-TabBarController";
				PRODUCT_NAME = "$(TARGET_NAME)";
				SWIFT_EMIT_LOC_STRINGS = YES;
				SWIFT_VERSION = 5.0;
				TARGETED_DEVICE_FAMILY = "1,2";
			};
			name = Release;
		};
		3FE6EB172B959F7500BCC6BD /* Debug */ = {
			isa = XCBuildConfiguration;
			buildSettings = {
				ALWAYS_EMBED_SWIFT_STANDARD_LIBRARIES = YES;
				BUNDLE_LOADER = "$(TEST_HOST)";
				CODE_SIGN_STYLE = Automatic;
				CURRENT_PROJECT_VERSION = 1;
				DEVELOPMENT_TEAM = 394AJ9GGWF;
				GENERATE_INFOPLIST_FILE = YES;
				IPHONEOS_DEPLOYMENT_TARGET = 17.2;
				MARKETING_VERSION = 1.0;
				PRODUCT_BUNDLE_IDENTIFIER = "exe.demo.AboutMe-TabBarControllerTests";
				PRODUCT_NAME = "$(TARGET_NAME)";
				SWIFT_EMIT_LOC_STRINGS = NO;
				SWIFT_VERSION = 5.0;
				TARGETED_DEVICE_FAMILY = "1,2";
				TEST_HOST = "$(BUILT_PRODUCTS_DIR)/AboutMe_TabBarController.app/$(BUNDLE_EXECUTABLE_FOLDER_PATH)/AboutMe_TabBarController";
			};
			name = Debug;
		};
		3FE6EB182B959F7500BCC6BD /* Release */ = {
			isa = XCBuildConfiguration;
			buildSettings = {
				ALWAYS_EMBED_SWIFT_STANDARD_LIBRARIES = YES;
				BUNDLE_LOADER = "$(TEST_HOST)";
				CODE_SIGN_STYLE = Automatic;
				CURRENT_PROJECT_VERSION = 1;
				DEVELOPMENT_TEAM = 394AJ9GGWF;
				GENERATE_INFOPLIST_FILE = YES;
				IPHONEOS_DEPLOYMENT_TARGET = 17.2;
				MARKETING_VERSION = 1.0;
				PRODUCT_BUNDLE_IDENTIFIER = "exe.demo.AboutMe-TabBarControllerTests";
				PRODUCT_NAME = "$(TARGET_NAME)";
				SWIFT_EMIT_LOC_STRINGS = NO;
				SWIFT_VERSION = 5.0;
				TARGETED_DEVICE_FAMILY = "1,2";
				TEST_HOST = "$(BUILT_PRODUCTS_DIR)/AboutMe_TabBarController.app/$(BUNDLE_EXECUTABLE_FOLDER_PATH)/AboutMe_TabBarController";
			};
			name = Release;
		};
		3FE6EB1A2B959F7500BCC6BD /* Debug */ = {
			isa = XCBuildConfiguration;
			buildSettings = {
				ALWAYS_EMBED_SWIFT_STANDARD_LIBRARIES = YES;
				CODE_SIGN_STYLE = Automatic;
				CURRENT_PROJECT_VERSION = 1;
				DEVELOPMENT_TEAM = 394AJ9GGWF;
				GENERATE_INFOPLIST_FILE = YES;
				MARKETING_VERSION = 1.0;
				PRODUCT_BUNDLE_IDENTIFIER = "exe.demo.AboutMe-TabBarControllerUITests";
				PRODUCT_NAME = "$(TARGET_NAME)";
				SWIFT_EMIT_LOC_STRINGS = NO;
				SWIFT_VERSION = 5.0;
				TARGETED_DEVICE_FAMILY = "1,2";
				TEST_TARGET_NAME = AboutMe_TabBarController;
			};
			name = Debug;
		};
		3FE6EB1B2B959F7500BCC6BD /* Release */ = {
			isa = XCBuildConfiguration;
			buildSettings = {
				ALWAYS_EMBED_SWIFT_STANDARD_LIBRARIES = YES;
				CODE_SIGN_STYLE = Automatic;
				CURRENT_PROJECT_VERSION = 1;
				DEVELOPMENT_TEAM = 394AJ9GGWF;
				GENERATE_INFOPLIST_FILE = YES;
				MARKETING_VERSION = 1.0;
				PRODUCT_BUNDLE_IDENTIFIER = "exe.demo.AboutMe-TabBarControllerUITests";
				PRODUCT_NAME = "$(TARGET_NAME)";
				SWIFT_EMIT_LOC_STRINGS = NO;
				SWIFT_VERSION = 5.0;
				TARGETED_DEVICE_FAMILY = "1,2";
				TEST_TARGET_NAME = AboutMe_TabBarController;
			};
			name = Release;
		};
/* End XCBuildConfiguration section */

/* Begin XCConfigurationList section */
		3FE6EAE42B959F7400BCC6BD /* Build configuration list for PBXProject "AboutMe_TabBarController" */ = {
			isa = XCConfigurationList;
			buildConfigurations = (
				3FE6EB112B959F7500BCC6BD /* Debug */,
				3FE6EB122B959F7500BCC6BD /* Release */,
			);
			defaultConfigurationIsVisible = 0;
			defaultConfigurationName = Release;
		};
		3FE6EB132B959F7500BCC6BD /* Build configuration list for PBXNativeTarget "AboutMe_TabBarController" */ = {
			isa = XCConfigurationList;
			buildConfigurations = (
				3FE6EB142B959F7500BCC6BD /* Debug */,
				3FE6EB152B959F7500BCC6BD /* Release */,
			);
			defaultConfigurationIsVisible = 0;
			defaultConfigurationName = Release;
		};
		3FE6EB162B959F7500BCC6BD /* Build configuration list for PBXNativeTarget "AboutMe_TabBarControllerTests" */ = {
			isa = XCConfigurationList;
			buildConfigurations = (
				3FE6EB172B959F7500BCC6BD /* Debug */,
				3FE6EB182B959F7500BCC6BD /* Release */,
			);
			defaultConfigurationIsVisible = 0;
			defaultConfigurationName = Release;
		};
		3FE6EB192B959F7500BCC6BD /* Build configuration list for PBXNativeTarget "AboutMe_TabBarControllerUITests" */ = {
			isa = XCConfigurationList;
			buildConfigurations = (
				3FE6EB1A2B959F7500BCC6BD /* Debug */,
				3FE6EB1B2B959F7500BCC6BD /* Release */,
			);
			defaultConfigurationIsVisible = 0;
			defaultConfigurationName = Release;
		};
/* End XCConfigurationList section */
	};
	rootObject = 3FE6EAE12B959F7400BCC6BD /* Project object */;
}
